
Microsoft Visual Studio Solution File, Format Version 12.00
# Visual Studio 14
VisualStudioVersion = 14.0.24720.0
MinimumVisualStudioVersion = 10.0.40219.1
Project("{FAE04EC0-301F-11D3-BF4B-00C04F79EFBC}") = "BracketParser", "Task1\BracketParser.csproj", "{FDB31451-A02D-411D-A527-7ACFAB66FBAA}"
EndProject
Project("{FAE04EC0-301F-11D3-BF4B-00C04F79EFBC}") = "UnitTest", "UnitTest\UnitTest.csproj", "{CD9D4B56-6498-40DC-B13C-DCA1EBEDC867}"
EndProject
Global
	GlobalSection(SolutionConfigurationPlatforms) = preSolution
		Debug|Any CPU = Debug|Any CPU
		Release|Any CPU = Release|Any CPU
	EndGlobalSection
	GlobalSection(ProjectConfigurationPlatforms) = postSolution
		{FDB31451-A02D-411D-A527-7ACFAB66FBAA}.Debug|Any CPU.ActiveCfg = Debug|Any CPU
		{FDB31451-A02D-411D-A527-7ACFAB66FBAA}.Debug|Any CPU.Build.0 = Debug|Any CPU
		{FDB31451-A02D-411D-A527-7ACFAB66FBAA}.Release|Any CPU.ActiveCfg = Release|Any CPU
		{FDB31451-A02D-411D-A527-7ACFAB66FBAA}.Release|Any CPU.Build.0 = Release|Any CPU
		{CD9D4B56-6498-40DC-B13C-DCA1EBEDC867}.Debug|Any CPU.ActiveCfg = Debug|Any CPU
		{CD9D4B56-6498-40DC-B13C-DCA1EBEDC867}.Debug|Any CPU.Build.0 = Debug|Any CPU
		{CD9D4B56-6498-40DC-B13C-DCA1EBEDC867}.Release|Any CPU.ActiveCfg = Release|Any CPU
		{CD9D4B56-6498-40DC-B13C-DCA1EBEDC867}.Release|Any CPU.Build.0 = Release|Any CPU
	EndGlobalSection
	GlobalSection(SolutionProperties) = preSolution
		HideSolutionNode = FALSE
	EndGlobalSection
EndGlobal
